
Microsoft Visual Studio Solution File, Format Version 12.00
# Visual Studio Version 16
VisualStudioVersion = 16.0.30517.126
MinimumVisualStudioVersion = 10.0.40219.1
Project("{FAE04EC0-301F-11D3-BF4B-00C04F79EFBC}") = "TabbedTest.Android", "TabbedTest\TabbedTest.Android\TabbedTest.Android.csproj", "{869AA97A-F8D3-4C3D-BA33-ADE3EEA8C637}"
EndProject
Project("{FAE04EC0-301F-11D3-BF4B-00C04F79EFBC}") = "TabbedTest.iOS", "TabbedTest\TabbedTest.iOS\TabbedTest.iOS.csproj", "{A2328551-5D5E-41D5-AE51-74DAACAC32E3}"
EndProject
Project("{9A19103F-16F7-4668-BE54-9A1E7A4F7556}") = "TabbedTest", "TabbedTest\TabbedTest\TabbedTest.csproj", "{53400A8A-3AF9-4242-AF8B-75443130365B}"
EndProject
Global
	GlobalSection(SolutionConfigurationPlatforms) = preSolution
		Debug|Any CPU = Debug|Any CPU
		Debug|iPhone = Debug|iPhone
		Debug|iPhoneSimulator = Debug|iPhoneSimulator
		Release|Any CPU = Release|Any CPU
		Release|iPhone = Release|iPhone
		Release|iPhoneSimulator = Release|iPhoneSimulator
	EndGlobalSection
	GlobalSection(ProjectConfigurationPlatforms) = postSolution
		{869AA97A-F8D3-4C3D-BA33-ADE3EEA8C637}.Debug|Any CPU.ActiveCfg = Debug|Any CPU
		{869AA97A-F8D3-4C3D-BA33-ADE3EEA8C637}.Debug|Any CPU.Build.0 = Debug|Any CPU
		{869AA97A-F8D3-4C3D-BA33-ADE3EEA8C637}.Debug|Any CPU.Deploy.0 = Debug|Any CPU
		{869AA97A-F8D3-4C3D-BA33-ADE3EEA8C637}.Debug|iPhone.ActiveCfg = Debug|Any CPU
		{869AA97A-F8D3-4C3D-BA33-ADE3EEA8C637}.Debug|iPhone.Build.0 = Debug|Any CPU
		{869AA97A-F8D3-4C3D-BA33-ADE3EEA8C637}.Debug|iPhone.Deploy.0 = Debug|Any CPU
		{869AA97A-F8D3-4C3D-BA33-ADE3EEA8C637}.Debug|iPhoneSimulator.ActiveCfg = Debug|Any CPU
		{869AA97A-F8D3-4C3D-BA33-ADE3EEA8C637}.Debug|iPhoneSimulator.Build.0 = Debug|Any CPU
		{869AA97A-F8D3-4C3D-BA33-ADE3EEA8C637}.Debug|iPhoneSimulator.Deploy.0 = Debug|Any CPU
		{869AA97A-F8D3-4C3D-BA33-ADE3EEA8C637}.Release|Any CPU.ActiveCfg = Release|Any CPU
		{869AA97A-F8D3-4C3D-BA33-ADE3EEA8C637}.Release|Any CPU.Build.0 = Release|Any CPU
		{869AA97A-F8D3-4C3D-BA33-ADE3EEA8C637}.Release|Any CPU.Deploy.0 = Release|Any CPU
		{869AA97A-F8D3-4C3D-BA33-ADE3EEA8C637}.Release|iPhone.ActiveCfg = Release|Any CPU
		{869AA97A-F8D3-4C3D-BA33-ADE3EEA8C637}.Release|iPhone.Build.0 = Release|Any CPU
		{869AA97A-F8D3-4C3D-BA33-ADE3EEA8C637}.Release|iPhone.Deploy.0 = Release|Any CPU
		{869AA97A-F8D3-4C3D-BA33-ADE3EEA8C637}.Release|iPhoneSimulator.ActiveCfg = Release|Any CPU
		{869AA97A-F8D3-4C3D-BA33-ADE3EEA8C637}.Release|iPhoneSimulator.Build.0 = Release|Any CPU
		{869AA97A-F8D3-4C3D-BA33-ADE3EEA8C637}.Release|iPhoneSimulator.Deploy.0 = Release|Any CPU
		{A2328551-5D5E-41D5-AE51-74DAACAC32E3}.Debug|Any CPU.ActiveCfg = Debug|iPhone
		{A2328551-5D5E-41D5-AE51-74DAACAC32E3}.Debug|Any CPU.Build.0 = Debug|iPhone
		{A2328551-5D5E-41D5-AE51-74DAACAC32E3}.Debug|Any CPU.Deploy.0 = Debug|iPhone
		{A2328551-5D5E-41D5-AE51-74DAACAC32E3}.Debug|iPhone.ActiveCfg = Debug|iPhone
		{A2328551-5D5E-41D5-AE51-74DAACAC32E3}.Debug|iPhone.Build.0 = Debug|iPhone
		{A2328551-5D5E-41D5-AE51-74DAACAC32E3}.Debug|iPhone.Deploy.0 = Debug|iPhone
		{A2328551-5D5E-41D5-AE51-74DAACAC32E3}.Debug|iPhoneSimulator.ActiveCfg = Debug|iPhoneSimulator
		{A2328551-5D5E-41D5-AE51-74DAACAC32E3}.Debug|iPhoneSimulator.Build.0 = Debug|iPhoneSimulator
		{A2328551-5D5E-41D5-AE51-74DAACAC32E3}.Debug|iPhoneSimulator.Deploy.0 = Debug|iPhoneSimulator
		{A2328551-5D5E-41D5-AE51-74DAACAC32E3}.Release|Any CPU.ActiveCfg = Release|iPhoneSimulator
		{A2328551-5D5E-41D5-AE51-74DAACAC32E3}.Release|Any CPU.Build.0 = Release|iPhoneSimulator
		{A2328551-5D5E-41D5-AE51-74DAACAC32E3}.Release|Any CPU.Deploy.0 = Release|iPhoneSimulator
		{A2328551-5D5E-41D5-AE51-74DAACAC32E3}.Release|iPhone.ActiveCfg = Release|iPhone
		{A2328551-5D5E-41D5-AE51-74DAACAC32E3}.Release|iPhone.Build.0 = Release|iPhone
		{A2328551-5D5E-41D5-AE51-74DAACAC32E3}.Release|iPhone.Deploy.0 = Release|iPhone
		{A2328551-5D5E-41D5-AE51-74DAACAC32E3}.Release|iPhoneSimulator.ActiveCfg = Release|iPhoneSimulator
		{A2328551-5D5E-41D5-AE51-74DAACAC32E3}.Release|iPhoneSimulator.Build.0 = Release|iPhoneSimulator
		{A2328551-5D5E-41D5-AE51-74DAACAC32E3}.Release|iPhoneSimulator.Deploy.0 = Release|iPhoneSimulator
		{53400A8A-3AF9-4242-AF8B-75443130365B}.Debug|Any CPU.ActiveCfg = Debug|Any CPU
		{53400A8A-3AF9-4242-AF8B-75443130365B}.Debug|Any CPU.Build.0 = Debug|Any CPU
		{53400A8A-3AF9-4242-AF8B-75443130365B}.Debug|Any CPU.Deploy.0 = Debug|Any CPU
		{53400A8A-3AF9-4242-AF8B-75443130365B}.Debug|iPhone.ActiveCfg = Debug|Any CPU
		{53400A8A-3AF9-4242-AF8B-75443130365B}.Debug|iPhone.Build.0 = Debug|Any CPU
		{53400A8A-3AF9-4242-AF8B-75443130365B}.Debug|iPhone.Deploy.0 = Debug|Any CPU
		{53400A8A-3AF9-4242-AF8B-75443130365B}.Debug|iPhoneSimulator.ActiveCfg = Debug|Any CPU
		{53400A8A-3AF9-4242-AF8B-75443130365B}.Debug|iPhoneSimulator.Build.0 = Debug|Any CPU
		{53400A8A-3AF9-4242-AF8B-75443130365B}.Debug|iPhoneSimulator.Deploy.0 = Debug|Any CPU
		{53400A8A-3AF9-4242-AF8B-75443130365B}.Release|Any CPU.ActiveCfg = Release|Any CPU
		{53400A8A-3AF9-4242-AF8B-75443130365B}.Release|Any CPU.Build.0 = Release|Any CPU
		{53400A8A-3AF9-4242-AF8B-75443130365B}.Release|Any CPU.Deploy.0 = Release|Any CPU
		{53400A8A-3AF9-4242-AF8B-75443130365B}.Release|iPhone.ActiveCfg = Release|Any CPU
		{53400A8A-3AF9-4242-AF8B-75443130365B}.Release|iPhone.Build.0 = Release|Any CPU
		{53400A8A-3AF9-4242-AF8B-75443130365B}.Release|iPhone.Deploy.0 = Release|Any CPU
		{53400A8A-3AF9-4242-AF8B-75443130365B}.Release|iPhoneSimulator.ActiveCfg = Release|Any CPU
		{53400A8A-3AF9-4242-AF8B-75443130365B}.Release|iPhoneSimulator.Build.0 = Release|Any CPU
		{53400A8A-3AF9-4242-AF8B-75443130365B}.Release|iPhoneSimulator.Deploy.0 = Release|Any CPU
	EndGlobalSection
	GlobalSection(SolutionProperties) = preSolution
		HideSolutionNode = FALSE
	EndGlobalSection
	GlobalSection(ExtensibilityGlobals) = postSolution
		SolutionGuid = {FC79C898-8EB2-40EF-B27D-1B6BD51DDD15}
	EndGlobalSection
EndGlobal
